
Microsoft Visual Studio Solution File, Format Version 12.00
# Visual Studio Version 17
VisualStudioVersion = 17.0.31903.59
MinimumVisualStudioVersion = 10.0.40219.1
Project("{FAE04EC0-301F-11D3-BF4B-00C04F79EFBC}") = "TinyColorMap", "TinyColorMap\TinyColorMap.csproj", "{B26DB4C8-BFF9-4EDD-9D01-8B910558215D}"
EndProject
Project("{FAE04EC0-301F-11D3-BF4B-00C04F79EFBC}") = "TinyColorMap.Skia", "TinyColorMap.Skia\TinyColorMap.Skia.csproj", "{E3DE9FEC-93B5-428E-A200-B26AAFD684D6}"
EndProject
Project("{FAE04EC0-301F-11D3-BF4B-00C04F79EFBC}") = "TinyColorMap.PngExporter", "TinyColorMap.PngExporter\TinyColorMap.PngExporter.csproj", "{C032DF51-3518-44A8-BF81-2F3D571ED61A}"
EndProject
Project("{FAE04EC0-301F-11D3-BF4B-00C04F79EFBC}") = "TinyColorMap.ColorSpaces", "TinyColorMap.ColorSpaces\TinyColorMap.ColorSpaces.csproj", "{02DCDF5A-E9B2-4F0E-8854-F286C85E7797}"
EndProject
Project("{FAE04EC0-301F-11D3-BF4B-00C04F79EFBC}") = "TinyColorMap.ColorSpaces.Tests", "TinyColorMap.ColorSpaces.Tests\TinyColorMap.ColorSpaces.Tests.csproj", "{A9BAD67A-2BA5-4988-BEB3-BF7CD3E3BC1B}"
EndProject
Project("{FAE04EC0-301F-11D3-BF4B-00C04F79EFBC}") = "TinyColorMap.Tests", "TinyColorMap.Tests\TinyColorMap.Tests.csproj", "{51E26C58-471A-4B84-8EEC-CC33D5D553D5}"
EndProject
Global
	GlobalSection(SolutionConfigurationPlatforms) = preSolution
		Debug|Any CPU = Debug|Any CPU
		Release|Any CPU = Release|Any CPU
	EndGlobalSection
	GlobalSection(SolutionProperties) = preSolution
		HideSolutionNode = FALSE
	EndGlobalSection
	GlobalSection(ProjectConfigurationPlatforms) = postSolution
		{B26DB4C8-BFF9-4EDD-9D01-8B910558215D}.Debug|Any CPU.ActiveCfg = Debug|Any CPU
		{B26DB4C8-BFF9-4EDD-9D01-8B910558215D}.Debug|Any CPU.Build.0 = Debug|Any CPU
		{B26DB4C8-BFF9-4EDD-9D01-8B910558215D}.Release|Any CPU.ActiveCfg = Release|Any CPU
		{B26DB4C8-BFF9-4EDD-9D01-8B910558215D}.Release|Any CPU.Build.0 = Release|Any CPU
		{E3DE9FEC-93B5-428E-A200-B26AAFD684D6}.Debug|Any CPU.ActiveCfg = Debug|Any CPU
		{E3DE9FEC-93B5-428E-A200-B26AAFD684D6}.Debug|Any CPU.Build.0 = Debug|Any CPU
		{E3DE9FEC-93B5-428E-A200-B26AAFD684D6}.Release|Any CPU.ActiveCfg = Release|Any CPU
		{E3DE9FEC-93B5-428E-A200-B26AAFD684D6}.Release|Any CPU.Build.0 = Release|Any CPU
		{C032DF51-3518-44A8-BF81-2F3D571ED61A}.Debug|Any CPU.ActiveCfg = Debug|Any CPU
		{C032DF51-3518-44A8-BF81-2F3D571ED61A}.Debug|Any CPU.Build.0 = Debug|Any CPU
		{C032DF51-3518-44A8-BF81-2F3D571ED61A}.Release|Any CPU.ActiveCfg = Release|Any CPU
		{C032DF51-3518-44A8-BF81-2F3D571ED61A}.Release|Any CPU.Build.0 = Release|Any CPU
		{02DCDF5A-E9B2-4F0E-8854-F286C85E7797}.Debug|Any CPU.ActiveCfg = Debug|Any CPU
		{02DCDF5A-E9B2-4F0E-8854-F286C85E7797}.Debug|Any CPU.Build.0 = Debug|Any CPU
		{02DCDF5A-E9B2-4F0E-8854-F286C85E7797}.Release|Any CPU.ActiveCfg = Release|Any CPU
		{02DCDF5A-E9B2-4F0E-8854-F286C85E7797}.Release|Any CPU.Build.0 = Release|Any CPU
		{A9BAD67A-2BA5-4988-BEB3-BF7CD3E3BC1B}.Debug|Any CPU.ActiveCfg = Debug|Any CPU
		{A9BAD67A-2BA5-4988-BEB3-BF7CD3E3BC1B}.Debug|Any CPU.Build.0 = Debug|Any CPU
		{A9BAD67A-2BA5-4988-BEB3-BF7CD3E3BC1B}.Release|Any CPU.ActiveCfg = Release|Any CPU
		{A9BAD67A-2BA5-4988-BEB3-BF7CD3E3BC1B}.Release|Any CPU.Build.0 = Release|Any CPU
		{51E26C58-471A-4B84-8EEC-CC33D5D553D5}.Debug|Any CPU.ActiveCfg = Debug|Any CPU
		{51E26C58-471A-4B84-8EEC-CC33D5D553D5}.Debug|Any CPU.Build.0 = Debug|Any CPU
		{51E26C58-471A-4B84-8EEC-CC33D5D553D5}.Release|Any CPU.ActiveCfg = Release|Any CPU
		{51E26C58-471A-4B84-8EEC-CC33D5D553D5}.Release|Any CPU.Build.0 = Release|Any CPU
	EndGlobalSection
EndGlobal
